
Microsoft Visual Studio Solution File, Format Version 12.00
# Visual Studio Version 17
VisualStudioVersion = 17.3.32929.385
MinimumVisualStudioVersion = 10.0.40219.1
Project("{FAE04EC0-301F-11D3-BF4B-00C04F79EFBC}") = "es prova git 2", "es prova git 2\es prova git 2.csproj", "{E6EFB428-C4E9-42E7-9679-CD0AB03B26D9}"
EndProject
Global
	GlobalSection(SolutionConfigurationPlatforms) = preSolution
		Debug|Any CPU = Debug|Any CPU
		Release|Any CPU = Release|Any CPU
	EndGlobalSection
	GlobalSection(ProjectConfigurationPlatforms) = postSolution
		{E6EFB428-C4E9-42E7-9679-CD0AB03B26D9}.Debug|Any CPU.ActiveCfg = Debug|Any CPU
		{E6EFB428-C4E9-42E7-9679-CD0AB03B26D9}.Debug|Any CPU.Build.0 = Debug|Any CPU
		{E6EFB428-C4E9-42E7-9679-CD0AB03B26D9}.Release|Any CPU.ActiveCfg = Release|Any CPU
		{E6EFB428-C4E9-42E7-9679-CD0AB03B26D9}.Release|Any CPU.Build.0 = Release|Any CPU
	EndGlobalSection
	GlobalSection(SolutionProperties) = preSolution
		HideSolutionNode = FALSE
	EndGlobalSection
	GlobalSection(ExtensibilityGlobals) = postSolution
		SolutionGuid = {F06DD0F8-79B3-4C2B-9878-9DFA82C86E4B}
	EndGlobalSection
EndGlobal
